
Microsoft Visual Studio Solution File, Format Version 12.00
# Visual Studio Version 17
VisualStudioVersion = 17.2.32929.388
MinimumVisualStudioVersion = 10.0.40219.1
Project("{2150E333-8FDC-42A3-9474-1A3956D46DE8}") = "Desktop", "Desktop", "{DF82F6E8-4C7D-4A09-BA78-AAA75A1F7D4A}"
EndProject
Project("{2150E333-8FDC-42A3-9474-1A3956D46DE8}") = "Mobile", "Mobile", "{F074EADF-BD35-4481-9E2C-056FEED0D398}"
EndProject
Project("{9A19103F-16F7-4668-BE54-9A1E7A4F7556}") = "MediaMinistryManagerAPI", "MediaMinistryManagement\MediaMinistryManagerAPI.csproj", "{DDAB6E0C-FFFB-40DF-B7FD-84FD1751D82B}"
EndProject
Project("{F184B08F-C81C-45F6-A57F-5ABD9991F28F}") = "Media Ministry Manager", "Media Ministry Manager\Media Ministry Manager.vbproj", "{F19EA4B2-87F9-4520-9C59-8B87DDD59B05}"
EndProject
Project("{54435603-DBB4-11D2-8724-00A0C9A8B90C}") = "Media Ministry Manager Setup", "Media Ministry Manager Setup\Media Ministry Manager Setup.vdproj", "{F8E78AA6-5C5A-4CBD-A46D-367815D9B7CC}"
	ProjectSection(ProjectDependencies) = postProject
		{F19EA4B2-87F9-4520-9C59-8B87DDD59B05} = {F19EA4B2-87F9-4520-9C59-8B87DDD59B05}
	EndProjectSection
EndProject
Project("{F184B08F-C81C-45F6-A57F-5ABD9991F28F}") = "M3Tools", "M3Tools\M3Tools.vbproj", "{91021C75-B313-4487-BE80-19CCE8C79F57}"
EndProject
Project("{2150E333-8FDC-42A3-9474-1A3956D46DE8}") = "Solution Items", "Solution Items", "{32E7116D-68BB-4B44-B6CE-162434F10258}"
	ProjectSection(SolutionItems) = preProject
		.editorconfig = .editorconfig
	EndProjectSection
EndProject
Global
	GlobalSection(SolutionConfigurationPlatforms) = preSolution
		Ad-Hoc|Any CPU = Ad-Hoc|Any CPU
		Ad-Hoc|iPhone = Ad-Hoc|iPhone
		Ad-Hoc|iPhoneSimulator = Ad-Hoc|iPhoneSimulator
		All|Any CPU = All|Any CPU
		All|iPhone = All|iPhone
		All|iPhoneSimulator = All|iPhoneSimulator
		AppStore|Any CPU = AppStore|Any CPU
		AppStore|iPhone = AppStore|iPhone
		AppStore|iPhoneSimulator = AppStore|iPhoneSimulator
		Debug|Any CPU = Debug|Any CPU
		Debug|iPhone = Debug|iPhone
		Debug|iPhoneSimulator = Debug|iPhoneSimulator
		Release|Any CPU = Release|Any CPU
		Release|iPhone = Release|iPhone
		Release|iPhoneSimulator = Release|iPhoneSimulator
	EndGlobalSection
	GlobalSection(ProjectConfigurationPlatforms) = postSolution
		{DDAB6E0C-FFFB-40DF-B7FD-84FD1751D82B}.Ad-Hoc|Any CPU.ActiveCfg = Debug|Any CPU
		{DDAB6E0C-FFFB-40DF-B7FD-84FD1751D82B}.Ad-Hoc|Any CPU.Build.0 = Debug|Any CPU
		{DDAB6E0C-FFFB-40DF-B7FD-84FD1751D82B}.Ad-Hoc|iPhone.ActiveCfg = Debug|Any CPU
		{DDAB6E0C-FFFB-40DF-B7FD-84FD1751D82B}.Ad-Hoc|iPhone.Build.0 = Debug|Any CPU
		{DDAB6E0C-FFFB-40DF-B7FD-84FD1751D82B}.Ad-Hoc|iPhoneSimulator.ActiveCfg = Debug|Any CPU
		{DDAB6E0C-FFFB-40DF-B7FD-84FD1751D82B}.Ad-Hoc|iPhoneSimulator.Build.0 = Debug|Any CPU
		{DDAB6E0C-FFFB-40DF-B7FD-84FD1751D82B}.All|Any CPU.ActiveCfg = Release|Any CPU
		{DDAB6E0C-FFFB-40DF-B7FD-84FD1751D82B}.All|iPhone.ActiveCfg = Release|Any CPU
		{DDAB6E0C-FFFB-40DF-B7FD-84FD1751D82B}.All|iPhoneSimulator.ActiveCfg = Release|Any CPU
		{DDAB6E0C-FFFB-40DF-B7FD-84FD1751D82B}.AppStore|Any CPU.ActiveCfg = Debug|Any CPU
		{DDAB6E0C-FFFB-40DF-B7FD-84FD1751D82B}.AppStore|Any CPU.Build.0 = Debug|Any CPU
		{DDAB6E0C-FFFB-40DF-B7FD-84FD1751D82B}.AppStore|iPhone.ActiveCfg = Debug|Any CPU
		{DDAB6E0C-FFFB-40DF-B7FD-84FD1751D82B}.AppStore|iPhone.Build.0 = Debug|Any CPU
		{DDAB6E0C-FFFB-40DF-B7FD-84FD1751D82B}.AppStore|iPhoneSimulator.ActiveCfg = Debug|Any CPU
		{DDAB6E0C-FFFB-40DF-B7FD-84FD1751D82B}.AppStore|iPhoneSimulator.Build.0 = Debug|Any CPU
		{DDAB6E0C-FFFB-40DF-B7FD-84FD1751D82B}.Debug|Any CPU.ActiveCfg = Debug|Any CPU
		{DDAB6E0C-FFFB-40DF-B7FD-84FD1751D82B}.Debug|iPhone.ActiveCfg = Debug|Any CPU
		{DDAB6E0C-FFFB-40DF-B7FD-84FD1751D82B}.Debug|iPhone.Build.0 = Debug|Any CPU
		{DDAB6E0C-FFFB-40DF-B7FD-84FD1751D82B}.Debug|iPhoneSimulator.ActiveCfg = Debug|Any CPU
		{DDAB6E0C-FFFB-40DF-B7FD-84FD1751D82B}.Debug|iPhoneSimulator.Build.0 = Debug|Any CPU
		{DDAB6E0C-FFFB-40DF-B7FD-84FD1751D82B}.Release|Any CPU.ActiveCfg = Release|Any CPU
		{DDAB6E0C-FFFB-40DF-B7FD-84FD1751D82B}.Release|Any CPU.Build.0 = Release|Any CPU
		{DDAB6E0C-FFFB-40DF-B7FD-84FD1751D82B}.Release|iPhone.ActiveCfg = Release|Any CPU
		{DDAB6E0C-FFFB-40DF-B7FD-84FD1751D82B}.Release|iPhone.Build.0 = Release|Any CPU
		{DDAB6E0C-FFFB-40DF-B7FD-84FD1751D82B}.Release|iPhoneSimulator.ActiveCfg = Release|Any CPU
		{DDAB6E0C-FFFB-40DF-B7FD-84FD1751D82B}.Release|iPhoneSimulator.Build.0 = Release|Any CPU
		{F19EA4B2-87F9-4520-9C59-8B87DDD59B05}.Ad-Hoc|Any CPU.ActiveCfg = Release|Any CPU
		{F19EA4B2-87F9-4520-9C59-8B87DDD59B05}.Ad-Hoc|Any CPU.Build.0 = Release|Any CPU
		{F19EA4B2-87F9-4520-9C59-8B87DDD59B05}.Ad-Hoc|iPhone.ActiveCfg = Release|Any CPU
		{F19EA4B2-87F9-4520-9C59-8B87DDD59B05}.Ad-Hoc|iPhone.Build.0 = Release|Any CPU
		{F19EA4B2-87F9-4520-9C59-8B87DDD59B05}.Ad-Hoc|iPhoneSimulator.ActiveCfg = Release|Any CPU
		{F19EA4B2-87F9-4520-9C59-8B87DDD59B05}.Ad-Hoc|iPhoneSimulator.Build.0 = Release|Any CPU
		{F19EA4B2-87F9-4520-9C59-8B87DDD59B05}.All|Any CPU.ActiveCfg = Debug|Any CPU
		{F19EA4B2-87F9-4520-9C59-8B87DDD59B05}.All|Any CPU.Build.0 = Debug|Any CPU
		{F19EA4B2-87F9-4520-9C59-8B87DDD59B05}.All|iPhone.ActiveCfg = Debug|Any CPU
		{F19EA4B2-87F9-4520-9C59-8B87DDD59B05}.All|iPhone.Build.0 = Debug|Any CPU
		{F19EA4B2-87F9-4520-9C59-8B87DDD59B05}.All|iPhoneSimulator.ActiveCfg = Debug|Any CPU
		{F19EA4B2-87F9-4520-9C59-8B87DDD59B05}.All|iPhoneSimulator.Build.0 = Debug|Any CPU
		{F19EA4B2-87F9-4520-9C59-8B87DDD59B05}.AppStore|Any CPU.ActiveCfg = Release|Any CPU
		{F19EA4B2-87F9-4520-9C59-8B87DDD59B05}.AppStore|Any CPU.Build.0 = Release|Any CPU
		{F19EA4B2-87F9-4520-9C59-8B87DDD59B05}.AppStore|iPhone.ActiveCfg = Release|Any CPU
		{F19EA4B2-87F9-4520-9C59-8B87DDD59B05}.AppStore|iPhone.Build.0 = Release|Any CPU
		{F19EA4B2-87F9-4520-9C59-8B87DDD59B05}.AppStore|iPhoneSimulator.ActiveCfg = Release|Any CPU
		{F19EA4B2-87F9-4520-9C59-8B87DDD59B05}.AppStore|iPhoneSimulator.Build.0 = Release|Any CPU
		{F19EA4B2-87F9-4520-9C59-8B87DDD59B05}.Debug|Any CPU.ActiveCfg = Debug|Any CPU
		{F19EA4B2-87F9-4520-9C59-8B87DDD59B05}.Debug|Any CPU.Build.0 = Debug|Any CPU
		{F19EA4B2-87F9-4520-9C59-8B87DDD59B05}.Debug|iPhone.ActiveCfg = Debug|Any CPU
		{F19EA4B2-87F9-4520-9C59-8B87DDD59B05}.Debug|iPhone.Build.0 = Debug|Any CPU
		{F19EA4B2-87F9-4520-9C59-8B87DDD59B05}.Debug|iPhoneSimulator.ActiveCfg = Debug|Any CPU
		{F19EA4B2-87F9-4520-9C59-8B87DDD59B05}.Debug|iPhoneSimulator.Build.0 = Debug|Any CPU
		{F19EA4B2-87F9-4520-9C59-8B87DDD59B05}.Release|Any CPU.ActiveCfg = Release|Any CPU
		{F19EA4B2-87F9-4520-9C59-8B87DDD59B05}.Release|Any CPU.Build.0 = Release|Any CPU
		{F19EA4B2-87F9-4520-9C59-8B87DDD59B05}.Release|iPhone.ActiveCfg = Release|Any CPU
		{F19EA4B2-87F9-4520-9C59-8B87DDD59B05}.Release|iPhone.Build.0 = Release|Any CPU
		{F19EA4B2-87F9-4520-9C59-8B87DDD59B05}.Release|iPhoneSimulator.ActiveCfg = Release|Any CPU
		{F19EA4B2-87F9-4520-9C59-8B87DDD59B05}.Release|iPhoneSimulator.Build.0 = Release|Any CPU
		{F8E78AA6-5C5A-4CBD-A46D-367815D9B7CC}.Ad-Hoc|Any CPU.ActiveCfg = Debug
		{F8E78AA6-5C5A-4CBD-A46D-367815D9B7CC}.Ad-Hoc|iPhone.ActiveCfg = Debug
		{F8E78AA6-5C5A-4CBD-A46D-367815D9B7CC}.Ad-Hoc|iPhoneSimulator.ActiveCfg = Debug
		{F8E78AA6-5C5A-4CBD-A46D-367815D9B7CC}.All|Any CPU.ActiveCfg = Debug
		{F8E78AA6-5C5A-4CBD-A46D-367815D9B7CC}.All|iPhone.ActiveCfg = Debug
		{F8E78AA6-5C5A-4CBD-A46D-367815D9B7CC}.All|iPhoneSimulator.ActiveCfg = Debug
		{F8E78AA6-5C5A-4CBD-A46D-367815D9B7CC}.AppStore|Any CPU.ActiveCfg = Debug
		{F8E78AA6-5C5A-4CBD-A46D-367815D9B7CC}.AppStore|iPhone.ActiveCfg = Debug
		{F8E78AA6-5C5A-4CBD-A46D-367815D9B7CC}.AppStore|iPhoneSimulator.ActiveCfg = Debug
		{F8E78AA6-5C5A-4CBD-A46D-367815D9B7CC}.Debug|Any CPU.ActiveCfg = Debug
		{F8E78AA6-5C5A-4CBD-A46D-367815D9B7CC}.Debug|iPhone.ActiveCfg = Debug
		{F8E78AA6-5C5A-4CBD-A46D-367815D9B7CC}.Debug|iPhoneSimulator.ActiveCfg = Debug
		{F8E78AA6-5C5A-4CBD-A46D-367815D9B7CC}.Release|Any CPU.ActiveCfg = Release
		{F8E78AA6-5C5A-4CBD-A46D-367815D9B7CC}.Release|iPhone.ActiveCfg = Release
		{F8E78AA6-5C5A-4CBD-A46D-367815D9B7CC}.Release|iPhoneSimulator.ActiveCfg = Release
		{91021C75-B313-4487-BE80-19CCE8C79F57}.Ad-Hoc|Any CPU.ActiveCfg = Debug|Any CPU
		{91021C75-B313-4487-BE80-19CCE8C79F57}.Ad-Hoc|Any CPU.Build.0 = Debug|Any CPU
		{91021C75-B313-4487-BE80-19CCE8C79F57}.Ad-Hoc|iPhone.ActiveCfg = Debug|Any CPU
		{91021C75-B313-4487-BE80-19CCE8C79F57}.Ad-Hoc|iPhone.Build.0 = Debug|Any CPU
		{91021C75-B313-4487-BE80-19CCE8C79F57}.Ad-Hoc|iPhoneSimulator.ActiveCfg = Debug|Any CPU
		{91021C75-B313-4487-BE80-19CCE8C79F57}.Ad-Hoc|iPhoneSimulator.Build.0 = Debug|Any CPU
		{91021C75-B313-4487-BE80-19CCE8C79F57}.All|Any CPU.ActiveCfg = Debug|Any CPU
		{91021C75-B313-4487-BE80-19CCE8C79F57}.All|Any CPU.Build.0 = Debug|Any CPU
		{91021C75-B313-4487-BE80-19CCE8C79F57}.All|iPhone.ActiveCfg = Debug|Any CPU
		{91021C75-B313-4487-BE80-19CCE8C79F57}.All|iPhone.Build.0 = Debug|Any CPU
		{91021C75-B313-4487-BE80-19CCE8C79F57}.All|iPhoneSimulator.ActiveCfg = Debug|Any CPU
		{91021C75-B313-4487-BE80-19CCE8C79F57}.All|iPhoneSimulator.Build.0 = Debug|Any CPU
		{91021C75-B313-4487-BE80-19CCE8C79F57}.AppStore|Any CPU.ActiveCfg = Debug|Any CPU
		{91021C75-B313-4487-BE80-19CCE8C79F57}.AppStore|Any CPU.Build.0 = Debug|Any CPU
		{91021C75-B313-4487-BE80-19CCE8C79F57}.AppStore|iPhone.ActiveCfg = Debug|Any CPU
		{91021C75-B313-4487-BE80-19CCE8C79F57}.AppStore|iPhone.Build.0 = Debug|Any CPU
		{91021C75-B313-4487-BE80-19CCE8C79F57}.AppStore|iPhoneSimulator.ActiveCfg = Debug|Any CPU
		{91021C75-B313-4487-BE80-19CCE8C79F57}.AppStore|iPhoneSimulator.Build.0 = Debug|Any CPU
		{91021C75-B313-4487-BE80-19CCE8C79F57}.Debug|Any CPU.ActiveCfg = Debug|Any CPU
		{91021C75-B313-4487-BE80-19CCE8C79F57}.Debug|Any CPU.Build.0 = Debug|Any CPU
		{91021C75-B313-4487-BE80-19CCE8C79F57}.Debug|iPhone.ActiveCfg = Debug|Any CPU
		{91021C75-B313-4487-BE80-19CCE8C79F57}.Debug|iPhone.Build.0 = Debug|Any CPU
		{91021C75-B313-4487-BE80-19CCE8C79F57}.Debug|iPhoneSimulator.ActiveCfg = Debug|Any CPU
		{91021C75-B313-4487-BE80-19CCE8C79F57}.Debug|iPhoneSimulator.Build.0 = Debug|Any CPU
		{91021C75-B313-4487-BE80-19CCE8C79F57}.Release|Any CPU.ActiveCfg = Release|Any CPU
		{91021C75-B313-4487-BE80-19CCE8C79F57}.Release|Any CPU.Build.0 = Release|Any CPU
		{91021C75-B313-4487-BE80-19CCE8C79F57}.Release|iPhone.ActiveCfg = Release|Any CPU
		{91021C75-B313-4487-BE80-19CCE8C79F57}.Release|iPhone.Build.0 = Release|Any CPU
		{91021C75-B313-4487-BE80-19CCE8C79F57}.Release|iPhoneSimulator.ActiveCfg = Release|Any CPU
		{91021C75-B313-4487-BE80-19CCE8C79F57}.Release|iPhoneSimulator.Build.0 = Release|Any CPU
	EndGlobalSection
	GlobalSection(SolutionProperties) = preSolution
		HideSolutionNode = FALSE
	EndGlobalSection
	GlobalSection(NestedProjects) = preSolution
		{DDAB6E0C-FFFB-40DF-B7FD-84FD1751D82B} = {F074EADF-BD35-4481-9E2C-056FEED0D398}
		{F19EA4B2-87F9-4520-9C59-8B87DDD59B05} = {DF82F6E8-4C7D-4A09-BA78-AAA75A1F7D4A}
		{F8E78AA6-5C5A-4CBD-A46D-367815D9B7CC} = {DF82F6E8-4C7D-4A09-BA78-AAA75A1F7D4A}
		{91021C75-B313-4487-BE80-19CCE8C79F57} = {DF82F6E8-4C7D-4A09-BA78-AAA75A1F7D4A}
	EndGlobalSection
	GlobalSection(ExtensibilityGlobals) = postSolution
		BuildVersion_UpdateFileVersion = True
		BuildVersion_UpdateAssemblyVersion = True
		BuildVersion_BuildVersioningStyle = None.None.Increment.None
		BuildVersion_StartDate = 2019/5/8
		SolutionGuid = {95A49186-3F3E-4EA7-B4F3-D35023EDF0C2}
		BuildVersion_UseGlobalSettings = True
	EndGlobalSection
EndGlobal
