
Microsoft Visual Studio Solution File, Format Version 12.00
# Visual Studio Version 17
VisualStudioVersion = 17.2.32929.388
MinimumVisualStudioVersion = 10.0.40219.1
Project("{2150E333-8FDC-42A3-9474-1A3956D46DE8}") = "Desktop", "Desktop", "{DF82F6E8-4C7D-4A09-BA78-AAA75A1F7D4A}"
EndProject
Project("{FAE04EC0-301F-11D3-BF4B-00C04F79EFBC}") = "M3App", "Media Ministry Manager\M3App.csproj", "{43BA25D9-4BA1-0AD1-1E01-41F9BF42AFA5}"
EndProject
Project("{54435603-DBB4-11D2-8724-00A0C9A8B90C}") = "M3AppSetup", "Media Ministry Manager Setup\Media Ministry Manager Setup.vdproj", "{F8E78AA6-5C5A-4CBD-A46D-367815D9B7CC}"
EndProject
Project("{FAE04EC0-301F-11D3-BF4B-00C04F79EFBC}") = "M3Tools", "M3Tools\M3Tools.csproj", "{23269D1E-7F4B-0B76-3CD8-D3B28A50ABF7}"
EndProject
Global
	GlobalSection(SolutionConfigurationPlatforms) = preSolution
		All|Any CPU = All|Any CPU
		All|x64 = All|x64
		AppStore|Any CPU = AppStore|Any CPU
		AppStore|x64 = AppStore|x64
		Debug|Any CPU = Debug|Any CPU
		Debug|x64 = Debug|x64
		Release|Any CPU = Release|Any CPU
		Release|x64 = Release|x64
	EndGlobalSection
	GlobalSection(ProjectConfigurationPlatforms) = postSolution
		{43BA25D9-4BA1-0AD1-1E01-41F9BF42AFA5}.All|Any CPU.ActiveCfg = Debug|Any CPU
		{43BA25D9-4BA1-0AD1-1E01-41F9BF42AFA5}.All|Any CPU.Build.0 = Debug|Any CPU
		{43BA25D9-4BA1-0AD1-1E01-41F9BF42AFA5}.All|x64.ActiveCfg = Debug|x64
		{43BA25D9-4BA1-0AD1-1E01-41F9BF42AFA5}.All|x64.Build.0 = Debug|x64
		{43BA25D9-4BA1-0AD1-1E01-41F9BF42AFA5}.AppStore|Any CPU.ActiveCfg = Debug|Any CPU
		{43BA25D9-4BA1-0AD1-1E01-41F9BF42AFA5}.AppStore|Any CPU.Build.0 = Debug|Any CPU
		{43BA25D9-4BA1-0AD1-1E01-41F9BF42AFA5}.AppStore|x64.ActiveCfg = Debug|x64
		{43BA25D9-4BA1-0AD1-1E01-41F9BF42AFA5}.AppStore|x64.Build.0 = Debug|x64
		{43BA25D9-4BA1-0AD1-1E01-41F9BF42AFA5}.Debug|Any CPU.ActiveCfg = Debug|Any CPU
		{43BA25D9-4BA1-0AD1-1E01-41F9BF42AFA5}.Debug|Any CPU.Build.0 = Debug|Any CPU
		{43BA25D9-4BA1-0AD1-1E01-41F9BF42AFA5}.Debug|x64.ActiveCfg = Debug|x64
		{43BA25D9-4BA1-0AD1-1E01-41F9BF42AFA5}.Debug|x64.Build.0 = Debug|x64
		{43BA25D9-4BA1-0AD1-1E01-41F9BF42AFA5}.Release|Any CPU.ActiveCfg = Release|Any CPU
		{43BA25D9-4BA1-0AD1-1E01-41F9BF42AFA5}.Release|Any CPU.Build.0 = Release|Any CPU
		{43BA25D9-4BA1-0AD1-1E01-41F9BF42AFA5}.Release|x64.ActiveCfg = Release|x64
		{43BA25D9-4BA1-0AD1-1E01-41F9BF42AFA5}.Release|x64.Build.0 = Release|x64
		{F8E78AA6-5C5A-4CBD-A46D-367815D9B7CC}.All|Any CPU.ActiveCfg = Release
		{F8E78AA6-5C5A-4CBD-A46D-367815D9B7CC}.All|x64.ActiveCfg = Release
		{F8E78AA6-5C5A-4CBD-A46D-367815D9B7CC}.AppStore|Any CPU.ActiveCfg = Release
		{F8E78AA6-5C5A-4CBD-A46D-367815D9B7CC}.AppStore|x64.ActiveCfg = Release
		{F8E78AA6-5C5A-4CBD-A46D-367815D9B7CC}.AppStore|x64.Build.0 = Release
		{F8E78AA6-5C5A-4CBD-A46D-367815D9B7CC}.Debug|Any CPU.ActiveCfg = Release
		{F8E78AA6-5C5A-4CBD-A46D-367815D9B7CC}.Debug|x64.ActiveCfg = Release
		{F8E78AA6-5C5A-4CBD-A46D-367815D9B7CC}.Release|Any CPU.ActiveCfg = Release
		{F8E78AA6-5C5A-4CBD-A46D-367815D9B7CC}.Release|x64.ActiveCfg = Release
		{23269D1E-7F4B-0B76-3CD8-D3B28A50ABF7}.All|Any CPU.ActiveCfg = Debug|Any CPU
		{23269D1E-7F4B-0B76-3CD8-D3B28A50ABF7}.All|Any CPU.Build.0 = Debug|Any CPU
		{23269D1E-7F4B-0B76-3CD8-D3B28A50ABF7}.All|x64.ActiveCfg = Debug|x64
		{23269D1E-7F4B-0B76-3CD8-D3B28A50ABF7}.All|x64.Build.0 = Debug|x64
		{23269D1E-7F4B-0B76-3CD8-D3B28A50ABF7}.AppStore|Any CPU.ActiveCfg = Debug|Any CPU
		{23269D1E-7F4B-0B76-3CD8-D3B28A50ABF7}.AppStore|Any CPU.Build.0 = Debug|Any CPU
		{23269D1E-7F4B-0B76-3CD8-D3B28A50ABF7}.AppStore|x64.ActiveCfg = Debug|x64
		{23269D1E-7F4B-0B76-3CD8-D3B28A50ABF7}.AppStore|x64.Build.0 = Debug|x64
		{23269D1E-7F4B-0B76-3CD8-D3B28A50ABF7}.Debug|Any CPU.ActiveCfg = Debug|Any CPU
		{23269D1E-7F4B-0B76-3CD8-D3B28A50ABF7}.Debug|Any CPU.Build.0 = Debug|Any CPU
		{23269D1E-7F4B-0B76-3CD8-D3B28A50ABF7}.Debug|x64.ActiveCfg = Debug|x64
		{23269D1E-7F4B-0B76-3CD8-D3B28A50ABF7}.Debug|x64.Build.0 = Debug|x64
		{23269D1E-7F4B-0B76-3CD8-D3B28A50ABF7}.Release|Any CPU.ActiveCfg = Release|Any CPU
		{23269D1E-7F4B-0B76-3CD8-D3B28A50ABF7}.Release|Any CPU.Build.0 = Release|Any CPU
		{23269D1E-7F4B-0B76-3CD8-D3B28A50ABF7}.Release|x64.ActiveCfg = Release|x64
		{23269D1E-7F4B-0B76-3CD8-D3B28A50ABF7}.Release|x64.Build.0 = Release|x64
	EndGlobalSection
	GlobalSection(SolutionProperties) = preSolution
		HideSolutionNode = FALSE
	EndGlobalSection
	GlobalSection(NestedProjects) = preSolution
		{43BA25D9-4BA1-0AD1-1E01-41F9BF42AFA5} = {DF82F6E8-4C7D-4A09-BA78-AAA75A1F7D4A}
		{F8E78AA6-5C5A-4CBD-A46D-367815D9B7CC} = {DF82F6E8-4C7D-4A09-BA78-AAA75A1F7D4A}
		{23269D1E-7F4B-0B76-3CD8-D3B28A50ABF7} = {DF82F6E8-4C7D-4A09-BA78-AAA75A1F7D4A}
	EndGlobalSection
	GlobalSection(ExtensibilityGlobals) = postSolution
		BuildVersion_StartDate = 2019/5/8
		BuildVersion_UseGlobalSettings = True
		SolutionGuid = {95A49186-3F3E-4EA7-B4F3-D35023EDF0C2}
	EndGlobalSection
EndGlobal
